
Microsoft Visual Studio Solution File, Format Version 12.00
# Visual Studio Version 17
VisualStudioVersion = 17.4.33205.214
MinimumVisualStudioVersion = 10.0.40219.1
Project("{9A19103F-16F7-4668-BE54-9A1E7A4F7556}") = "Scheduler", "Scheduler\Scheduler.csproj", "{2222E608-CAEF-48FC-BB7D-774763B28EFF}"
EndProject
Project("{9A19103F-16F7-4668-BE54-9A1E7A4F7556}") = "Scheduler.Core", "Scheduler.Core\Scheduler.Core.csproj", "{72A81C13-1050-4E13-BC3F-7701ED52F047}"
EndProject
Project("{2150E333-8FDC-42A3-9474-1A3956D46DE8}") = "Clients", "Clients", "{14450B4F-F377-4CD6-98B0-086F16F925B3}"
EndProject
Project("{FAE04EC0-301F-11D3-BF4B-00C04F79EFBC}") = "Client.Core", "Client.Core\Client.Core.csproj", "{2D6BA927-79D1-43A0-931A-9CFDB67F73ED}"
EndProject
Project("{FAE04EC0-301F-11D3-BF4B-00C04F79EFBC}") = "Client.Console", "Client.Console\Client.Console.csproj", "{E921C019-88F9-4276-93C1-85BA5949FC8B}"
EndProject
Global
	GlobalSection(SolutionConfigurationPlatforms) = preSolution
		Debug|Any CPU = Debug|Any CPU
		Release|Any CPU = Release|Any CPU
	EndGlobalSection
	GlobalSection(ProjectConfigurationPlatforms) = postSolution
		{2222E608-CAEF-48FC-BB7D-774763B28EFF}.Debug|Any CPU.ActiveCfg = Debug|Any CPU
		{2222E608-CAEF-48FC-BB7D-774763B28EFF}.Debug|Any CPU.Build.0 = Debug|Any CPU
		{2222E608-CAEF-48FC-BB7D-774763B28EFF}.Release|Any CPU.ActiveCfg = Release|Any CPU
		{2222E608-CAEF-48FC-BB7D-774763B28EFF}.Release|Any CPU.Build.0 = Release|Any CPU
		{72A81C13-1050-4E13-BC3F-7701ED52F047}.Debug|Any CPU.ActiveCfg = Debug|Any CPU
		{72A81C13-1050-4E13-BC3F-7701ED52F047}.Debug|Any CPU.Build.0 = Debug|Any CPU
		{72A81C13-1050-4E13-BC3F-7701ED52F047}.Release|Any CPU.ActiveCfg = Release|Any CPU
		{72A81C13-1050-4E13-BC3F-7701ED52F047}.Release|Any CPU.Build.0 = Release|Any CPU
		{2D6BA927-79D1-43A0-931A-9CFDB67F73ED}.Debug|Any CPU.ActiveCfg = Debug|Any CPU
		{2D6BA927-79D1-43A0-931A-9CFDB67F73ED}.Debug|Any CPU.Build.0 = Debug|Any CPU
		{2D6BA927-79D1-43A0-931A-9CFDB67F73ED}.Release|Any CPU.ActiveCfg = Release|Any CPU
		{2D6BA927-79D1-43A0-931A-9CFDB67F73ED}.Release|Any CPU.Build.0 = Release|Any CPU
		{E921C019-88F9-4276-93C1-85BA5949FC8B}.Debug|Any CPU.ActiveCfg = Debug|Any CPU
		{E921C019-88F9-4276-93C1-85BA5949FC8B}.Debug|Any CPU.Build.0 = Debug|Any CPU
		{E921C019-88F9-4276-93C1-85BA5949FC8B}.Release|Any CPU.ActiveCfg = Release|Any CPU
		{E921C019-88F9-4276-93C1-85BA5949FC8B}.Release|Any CPU.Build.0 = Release|Any CPU
	EndGlobalSection
	GlobalSection(SolutionProperties) = preSolution
		HideSolutionNode = FALSE
	EndGlobalSection
	GlobalSection(NestedProjects) = preSolution
		{2D6BA927-79D1-43A0-931A-9CFDB67F73ED} = {14450B4F-F377-4CD6-98B0-086F16F925B3}
		{E921C019-88F9-4276-93C1-85BA5949FC8B} = {14450B4F-F377-4CD6-98B0-086F16F925B3}
	EndGlobalSection
	GlobalSection(ExtensibilityGlobals) = postSolution
		SolutionGuid = {D3F5DCA2-9821-471B-973E-E76D4AE6567B}
	EndGlobalSection
EndGlobal
